// !$*UTF8*$!
{
	archiveVersion = 1;
	classes = {
	};
	objectVersion = 56;
	objects = {

/* Begin PBXBuildFile section */
		C408D65E2C08147B00A2A8A3 /* Launch Screen.storyboard in Resources */ = {isa = PBXBuildFile; fileRef = C408D65D2C08147B00A2A8A3 /* Launch Screen.storyboard */; };
		C47FAC772C05146B0062BBF8 /* TLButton.swift in Sources */ = {isa = PBXBuildFile; fileRef = C47FAC762C05146A0062BBF8 /* TLButton.swift */; };
		C47FAC792C0557F60062BBF8 /* Extensions.swift in Sources */ = {isa = PBXBuildFile; fileRef = C47FAC782C0557F60062BBF8 /* Extensions.swift */; };
		C4EC96452C03D31000B65218 /* ToDoAppApp.swift in Sources */ = {isa = PBXBuildFile; fileRef = C4EC96442C03D31000B65218 /* ToDoAppApp.swift */; };
		C4EC96472C03D31000B65218 /* MainView.swift in Sources */ = {isa = PBXBuildFile; fileRef = C4EC96462C03D31000B65218 /* MainView.swift */; };
		C4EC96492C03D31300B65218 /* Assets.xcassets in Resources */ = {isa = PBXBuildFile; fileRef = C4EC96482C03D31300B65218 /* Assets.xcassets */; };
		C4EC964C2C03D31300B65218 /* Preview Assets.xcassets in Resources */ = {isa = PBXBuildFile; fileRef = C4EC964B2C03D31300B65218 /* Preview Assets.xcassets */; };
		C4EC96562C03D31300B65218 /* ToDoAppTests.swift in Sources */ = {isa = PBXBuildFile; fileRef = C4EC96552C03D31300B65218 /* ToDoAppTests.swift */; };
		C4EC96602C03D31300B65218 /* ToDoAppUITests.swift in Sources */ = {isa = PBXBuildFile; fileRef = C4EC965F2C03D31300B65218 /* ToDoAppUITests.swift */; };
		C4EC96622C03D31300B65218 /* ToDoAppUITestsLaunchTests.swift in Sources */ = {isa = PBXBuildFile; fileRef = C4EC96612C03D31300B65218 /* ToDoAppUITestsLaunchTests.swift */; };
		C4EC966F2C03D48000B65218 /* GoogleService-Info.plist in Resources */ = {isa = PBXBuildFile; fileRef = C4EC966E2C03D47F00B65218 /* GoogleService-Info.plist */; };
		C4EC96722C03DEDF00B65218 /* FirebaseAuth in Frameworks */ = {isa = PBXBuildFile; productRef = C4EC96712C03DEDF00B65218 /* FirebaseAuth */; };
		C4EC96742C03DEDF00B65218 /* FirebaseFirestoreSwift in Frameworks */ = {isa = PBXBuildFile; productRef = C4EC96732C03DEDF00B65218 /* FirebaseFirestoreSwift */; };
		C4EC967A2C03E37700B65218 /* ProfileView.swift in Sources */ = {isa = PBXBuildFile; fileRef = C4EC96792C03E37700B65218 /* ProfileView.swift */; };
		C4EC967C2C03E39A00B65218 /* ToDoListView.swift in Sources */ = {isa = PBXBuildFile; fileRef = C4EC967B2C03E39A00B65218 /* ToDoListView.swift */; };
		C4EC967E2C03E3B000B65218 /* NewItemView.swift in Sources */ = {isa = PBXBuildFile; fileRef = C4EC967D2C03E3B000B65218 /* NewItemView.swift */; };
		C4EC96802C03E3B700B65218 /* LoginView.swift in Sources */ = {isa = PBXBuildFile; fileRef = C4EC967F2C03E3B700B65218 /* LoginView.swift */; };
		C4EC96822C03E3CE00B65218 /* RegisterView.swift in Sources */ = {isa = PBXBuildFile; fileRef = C4EC96812C03E3CE00B65218 /* RegisterView.swift */; };
		C4EC96842C03E40500B65218 /* ToDoListItemView.swift in Sources */ = {isa = PBXBuildFile; fileRef = C4EC96832C03E40500B65218 /* ToDoListItemView.swift */; };
		C4EC96862C03E43800B65218 /* User.swift in Sources */ = {isa = PBXBuildFile; fileRef = C4EC96852C03E43800B65218 /* User.swift */; };
		C4EC96882C03E44100B65218 /* ToDoListItem.swift in Sources */ = {isa = PBXBuildFile; fileRef = C4EC96872C03E44100B65218 /* ToDoListItem.swift */; };
		C4EC968A2C03E46700B65218 /* MainViewViewModel.swift in Sources */ = {isa = PBXBuildFile; fileRef = C4EC96892C03E46700B65218 /* MainViewViewModel.swift */; };
		C4EC968C2C03E47600B65218 /* ProfileViewViewModel.swift in Sources */ = {isa = PBXBuildFile; fileRef = C4EC968B2C03E47500B65218 /* ProfileViewViewModel.swift */; };
		C4EC968E2C03E48500B65218 /* ToDoListViewViewModel.swift in Sources */ = {isa = PBXBuildFile; fileRef = C4EC968D2C03E48500B65218 /* ToDoListViewViewModel.swift */; };
		C4EC96902C03E49500B65218 /* NewItemViewViewModel.swift in Sources */ = {isa = PBXBuildFile; fileRef = C4EC968F2C03E49500B65218 /* NewItemViewViewModel.swift */; };
		C4EC96922C03E49E00B65218 /* LoginViewViewModel.swift in Sources */ = {isa = PBXBuildFile; fileRef = C4EC96912C03E49E00B65218 /* LoginViewViewModel.swift */; };
		C4EC96942C03E4A800B65218 /* RegisterViewViewModel.swift in Sources */ = {isa = PBXBuildFile; fileRef = C4EC96932C03E4A800B65218 /* RegisterViewViewModel.swift */; };
		C4EC96962C03E4BE00B65218 /* ToDoListItemViewViewModel.swift in Sources */ = {isa = PBXBuildFile; fileRef = C4EC96952C03E4BE00B65218 /* ToDoListItemViewViewModel.swift */; };
		C4EC96982C03E86900B65218 /* HeaderView.swift in Sources */ = {isa = PBXBuildFile; fileRef = C4EC96972C03E86900B65218 /* HeaderView.swift */; };
/* End PBXBuildFile section */

/* Begin PBXContainerItemProxy section */
		C4EC96522C03D31300B65218 /* PBXContainerItemProxy */ = {
			isa = PBXContainerItemProxy;
			containerPortal = C4EC96392C03D31000B65218 /* Project object */;
			proxyType = 1;
			remoteGlobalIDString = C4EC96402C03D31000B65218;
			remoteInfo = ToDoApp;
		};
		C4EC965C2C03D31300B65218 /* PBXContainerItemProxy */ = {
			isa = PBXContainerItemProxy;
			containerPortal = C4EC96392C03D31000B65218 /* Project object */;
			proxyType = 1;
			remoteGlobalIDString = C4EC96402C03D31000B65218;
			remoteInfo = ToDoApp;
		};
/* End PBXContainerItemProxy section */

/* Begin PBXFileReference section */
		C408D65D2C08147B00A2A8A3 /* Launch Screen.storyboard */ = {isa = PBXFileReference; lastKnownFileType = file.storyboard; path = "Launch Screen.storyboard"; sourceTree = "<group>"; };
		C47FAC762C05146A0062BBF8 /* TLButton.swift */ = {isa = PBXFileReference; lastKnownFileType = sourcecode.swift; path = TLButton.swift; sourceTree = "<group>"; };
		C47FAC782C0557F60062BBF8 /* Extensions.swift */ = {isa = PBXFileReference; lastKnownFileType = sourcecode.swift; path = Extensions.swift; sourceTree = "<group>"; };
		C4EC96412C03D31000B65218 /* ToDoApp.app */ = {isa = PBXFileReference; explicitFileType = wrapper.application; includeInIndex = 0; path = ToDoApp.app; sourceTree = BUILT_PRODUCTS_DIR; };
		C4EC96442C03D31000B65218 /* ToDoAppApp.swift */ = {isa = PBXFileReference; lastKnownFileType = sourcecode.swift; path = ToDoAppApp.swift; sourceTree = "<group>"; };
		C4EC96462C03D31000B65218 /* MainView.swift */ = {isa = PBXFileReference; lastKnownFileType = sourcecode.swift; path = MainView.swift; sourceTree = "<group>"; };
		C4EC96482C03D31300B65218 /* Assets.xcassets */ = {isa = PBXFileReference; lastKnownFileType = folder.assetcatalog; path = Assets.xcassets; sourceTree = "<group>"; };
		C4EC964B2C03D31300B65218 /* Preview Assets.xcassets */ = {isa = PBXFileReference; lastKnownFileType = folder.assetcatalog; path = "Preview Assets.xcassets"; sourceTree = "<group>"; };
		C4EC96512C03D31300B65218 /* ToDoAppTests.xctest */ = {isa = PBXFileReference; explicitFileType = wrapper.cfbundle; includeInIndex = 0; path = ToDoAppTests.xctest; sourceTree = BUILT_PRODUCTS_DIR; };
		C4EC96552C03D31300B65218 /* ToDoAppTests.swift */ = {isa = PBXFileReference; lastKnownFileType = sourcecode.swift; path = ToDoAppTests.swift; sourceTree = "<group>"; };
		C4EC965B2C03D31300B65218 /* ToDoAppUITests.xctest */ = {isa = PBXFileReference; explicitFileType = wrapper.cfbundle; includeInIndex = 0; path = ToDoAppUITests.xctest; sourceTree = BUILT_PRODUCTS_DIR; };
		C4EC965F2C03D31300B65218 /* ToDoAppUITests.swift */ = {isa = PBXFileReference; lastKnownFileType = sourcecode.swift; path = ToDoAppUITests.swift; sourceTree = "<group>"; };
		C4EC96612C03D31300B65218 /* ToDoAppUITestsLaunchTests.swift */ = {isa = PBXFileReference; lastKnownFileType = sourcecode.swift; path = ToDoAppUITestsLaunchTests.swift; sourceTree = "<group>"; };
		C4EC966E2C03D47F00B65218 /* GoogleService-Info.plist */ = {isa = PBXFileReference; fileEncoding = 4; lastKnownFileType = text.plist.xml; path = "GoogleService-Info.plist"; sourceTree = "<group>"; };
		C4EC96792C03E37700B65218 /* ProfileView.swift */ = {isa = PBXFileReference; lastKnownFileType = sourcecode.swift; path = ProfileView.swift; sourceTree = "<group>"; };
		C4EC967B2C03E39A00B65218 /* ToDoListView.swift */ = {isa = PBXFileReference; lastKnownFileType = sourcecode.swift; path = ToDoListView.swift; sourceTree = "<group>"; };
		C4EC967D2C03E3B000B65218 /* NewItemView.swift */ = {isa = PBXFileReference; lastKnownFileType = sourcecode.swift; path = NewItemView.swift; sourceTree = "<group>"; };
		C4EC967F2C03E3B700B65218 /* LoginView.swift */ = {isa = PBXFileReference; lastKnownFileType = sourcecode.swift; path = LoginView.swift; sourceTree = "<group>"; };
		C4EC96812C03E3CE00B65218 /* RegisterView.swift */ = {isa = PBXFileReference; lastKnownFileType = sourcecode.swift; path = RegisterView.swift; sourceTree = "<group>"; };
		C4EC96832C03E40500B65218 /* ToDoListItemView.swift */ = {isa = PBXFileReference; lastKnownFileType = sourcecode.swift; path = ToDoListItemView.swift; sourceTree = "<group>"; };
		C4EC96852C03E43800B65218 /* User.swift */ = {isa = PBXFileReference; lastKnownFileType = sourcecode.swift; path = User.swift; sourceTree = "<group>"; };
		C4EC96872C03E44100B65218 /* ToDoListItem.swift */ = {isa = PBXFileReference; lastKnownFileType = sourcecode.swift; path = ToDoListItem.swift; sourceTree = "<group>"; };
		C4EC96892C03E46700B65218 /* MainViewViewModel.swift */ = {isa = PBXFileReference; lastKnownFileType = sourcecode.swift; path = MainViewViewModel.swift; sourceTree = "<group>"; };
		C4EC968B2C03E47500B65218 /* ProfileViewViewModel.swift */ = {isa = PBXFileReference; lastKnownFileType = sourcecode.swift; path = ProfileViewViewModel.swift; sourceTree = "<group>"; };
		C4EC968D2C03E48500B65218 /* ToDoListViewViewModel.swift */ = {isa = PBXFileReference; lastKnownFileType = sourcecode.swift; path = ToDoListViewViewModel.swift; sourceTree = "<group>"; };
		C4EC968F2C03E49500B65218 /* NewItemViewViewModel.swift */ = {isa = PBXFileReference; lastKnownFileType = sourcecode.swift; path = NewItemViewViewModel.swift; sourceTree = "<group>"; };
		C4EC96912C03E49E00B65218 /* LoginViewViewModel.swift */ = {isa = PBXFileReference; lastKnownFileType = sourcecode.swift; path = LoginViewViewModel.swift; sourceTree = "<group>"; };
		C4EC96932C03E4A800B65218 /* RegisterViewViewModel.swift */ = {isa = PBXFileReference; lastKnownFileType = sourcecode.swift; path = RegisterViewViewModel.swift; sourceTree = "<group>"; };
		C4EC96952C03E4BE00B65218 /* ToDoListItemViewViewModel.swift */ = {isa = PBXFileReference; lastKnownFileType = sourcecode.swift; path = ToDoListItemViewViewModel.swift; sourceTree = "<group>"; };
		C4EC96972C03E86900B65218 /* HeaderView.swift */ = {isa = PBXFileReference; lastKnownFileType = sourcecode.swift; path = HeaderView.swift; sourceTree = "<group>"; };
/* End PBXFileReference section */

/* Begin PBXFrameworksBuildPhase section */
		C4EC963E2C03D31000B65218 /* Frameworks */ = {
			isa = PBXFrameworksBuildPhase;
			buildActionMask = 2147483647;
			files = (
				C4EC96722C03DEDF00B65218 /* FirebaseAuth in Frameworks */,
				C4EC96742C03DEDF00B65218 /* FirebaseFirestoreSwift in Frameworks */,
			);
			runOnlyForDeploymentPostprocessing = 0;
		};
		C4EC964E2C03D31300B65218 /* Frameworks */ = {
			isa = PBXFrameworksBuildPhase;
			buildActionMask = 2147483647;
			files = (
			);
			runOnlyForDeploymentPostprocessing = 0;
		};
		C4EC96582C03D31300B65218 /* Frameworks */ = {
			isa = PBXFrameworksBuildPhase;
			buildActionMask = 2147483647;
			files = (
			);
			runOnlyForDeploymentPostprocessing = 0;
		};
/* End PBXFrameworksBuildPhase section */

/* Begin PBXGroup section */
		C4EC96382C03D31000B65218 = {
			isa = PBXGroup;
			children = (
				C4EC96432C03D31000B65218 /* ToDoApp */,
				C4EC96542C03D31300B65218 /* ToDoAppTests */,
				C4EC965E2C03D31300B65218 /* ToDoAppUITests */,
				C4EC96422C03D31000B65218 /* Products */,
			);
			sourceTree = "<group>";
		};
		C4EC96422C03D31000B65218 /* Products */ = {
			isa = PBXGroup;
			children = (
				C4EC96412C03D31000B65218 /* ToDoApp.app */,
				C4EC96512C03D31300B65218 /* ToDoAppTests.xctest */,
				C4EC965B2C03D31300B65218 /* ToDoAppUITests.xctest */,
			);
			name = Products;
			sourceTree = "<group>";
		};
		C4EC96432C03D31000B65218 /* ToDoApp */ = {
			isa = PBXGroup;
			children = (
				C4EC96782C03E13800B65218 /* Other */,
				C4EC96772C03E12400B65218 /* Models */,
				C4EC96762C03E11800B65218 /* ViewModels */,
				C4EC96752C03E10D00B65218 /* Views */,
				C4EC964A2C03D31300B65218 /* Preview Content */,
			);
			path = ToDoApp;
			sourceTree = "<group>";
		};
		C4EC964A2C03D31300B65218 /* Preview Content */ = {
			isa = PBXGroup;
			children = (
				C4EC964B2C03D31300B65218 /* Preview Assets.xcassets */,
			);
			path = "Preview Content";
			sourceTree = "<group>";
		};
		C4EC96542C03D31300B65218 /* ToDoAppTests */ = {
			isa = PBXGroup;
			children = (
				C4EC96552C03D31300B65218 /* ToDoAppTests.swift */,
			);
			path = ToDoAppTests;
			sourceTree = "<group>";
		};
		C4EC965E2C03D31300B65218 /* ToDoAppUITests */ = {
			isa = PBXGroup;
			children = (
				C4EC965F2C03D31300B65218 /* ToDoAppUITests.swift */,
				C4EC96612C03D31300B65218 /* ToDoAppUITestsLaunchTests.swift */,
			);
			path = ToDoAppUITests;
			sourceTree = "<group>";
		};
		C4EC96752C03E10D00B65218 /* Views */ = {
			isa = PBXGroup;
			children = (
				C4EC96462C03D31000B65218 /* MainView.swift */,
				C4EC96792C03E37700B65218 /* ProfileView.swift */,
				C4EC967B2C03E39A00B65218 /* ToDoListView.swift */,
				C4EC967D2C03E3B000B65218 /* NewItemView.swift */,
				C4EC967F2C03E3B700B65218 /* LoginView.swift */,
				C47FAC762C05146A0062BBF8 /* TLButton.swift */,
				C4EC96972C03E86900B65218 /* HeaderView.swift */,
				C4EC96812C03E3CE00B65218 /* RegisterView.swift */,
				C4EC96832C03E40500B65218 /* ToDoListItemView.swift */,
			);
			path = Views;
			sourceTree = "<group>";
		};
		C4EC96762C03E11800B65218 /* ViewModels */ = {
			isa = PBXGroup;
			children = (
				C4EC96892C03E46700B65218 /* MainViewViewModel.swift */,
				C4EC968B2C03E47500B65218 /* ProfileViewViewModel.swift */,
				C4EC96952C03E4BE00B65218 /* ToDoListItemViewViewModel.swift */,
				C4EC968D2C03E48500B65218 /* ToDoListViewViewModel.swift */,
				C4EC968F2C03E49500B65218 /* NewItemViewViewModel.swift */,
				C4EC96912C03E49E00B65218 /* LoginViewViewModel.swift */,
				C4EC96932C03E4A800B65218 /* RegisterViewViewModel.swift */,
			);
			path = ViewModels;
			sourceTree = "<group>";
		};
		C4EC96772C03E12400B65218 /* Models */ = {
			isa = PBXGroup;
			children = (
				C4EC96852C03E43800B65218 /* User.swift */,
				C4EC96872C03E44100B65218 /* ToDoListItem.swift */,
			);
			path = Models;
			sourceTree = "<group>";
		};
		C4EC96782C03E13800B65218 /* Other */ = {
			isa = PBXGroup;
			children = (
				C4EC96482C03D31300B65218 /* Assets.xcassets */,
				C4EC966E2C03D47F00B65218 /* GoogleService-Info.plist */,
				C4EC96442C03D31000B65218 /* ToDoAppApp.swift */,
				C47FAC782C0557F60062BBF8 /* Extensions.swift */,
				C408D65D2C08147B00A2A8A3 /* Launch Screen.storyboard */,
			);
			path = Other;
			sourceTree = "<group>";
		};
/* End PBXGroup section */

/* Begin PBXNativeTarget section */
		C4EC96402C03D31000B65218 /* ToDoApp */ = {
			isa = PBXNativeTarget;
			buildConfigurationList = C4EC96652C03D31300B65218 /* Build configuration list for PBXNativeTarget "ToDoApp" */;
			buildPhases = (
				C4EC963D2C03D31000B65218 /* Sources */,
				C4EC963E2C03D31000B65218 /* Frameworks */,
				C4EC963F2C03D31000B65218 /* Resources */,
			);
			buildRules = (
			);
			dependencies = (
			);
			name = ToDoApp;
			packageProductDependencies = (
				C4EC96712C03DEDF00B65218 /* FirebaseAuth */,
				C4EC96732C03DEDF00B65218 /* FirebaseFirestoreSwift */,
			);
			productName = ToDoApp;
			productReference = C4EC96412C03D31000B65218 /* ToDoApp.app */;
			productType = "com.apple.product-type.application";
		};
		C4EC96502C03D31300B65218 /* ToDoAppTests */ = {
			isa = PBXNativeTarget;
			buildConfigurationList = C4EC96682C03D31300B65218 /* Build configuration list for PBXNativeTarget "ToDoAppTests" */;
			buildPhases = (
				C4EC964D2C03D31300B65218 /* Sources */,
				C4EC964E2C03D31300B65218 /* Frameworks */,
				C4EC964F2C03D31300B65218 /* Resources */,
			);
			buildRules = (
			);
			dependencies = (
				C4EC96532C03D31300B65218 /* PBXTargetDependency */,
			);
			name = ToDoAppTests;
			productName = ToDoAppTests;
			productReference = C4EC96512C03D31300B65218 /* ToDoAppTests.xctest */;
			productType = "com.apple.product-type.bundle.unit-test";
		};
		C4EC965A2C03D31300B65218 /* ToDoAppUITests */ = {
			isa = PBXNativeTarget;
			buildConfigurationList = C4EC966B2C03D31300B65218 /* Build configuration list for PBXNativeTarget "ToDoAppUITests" */;
			buildPhases = (
				C4EC96572C03D31300B65218 /* Sources */,
				C4EC96582C03D31300B65218 /* Frameworks */,
				C4EC96592C03D31300B65218 /* Resources */,
			);
			buildRules = (
			);
			dependencies = (
				C4EC965D2C03D31300B65218 /* PBXTargetDependency */,
			);
			name = ToDoAppUITests;
			productName = ToDoAppUITests;
			productReference = C4EC965B2C03D31300B65218 /* ToDoAppUITests.xctest */;
			productType = "com.apple.product-type.bundle.ui-testing";
		};
/* End PBXNativeTarget section */

/* Begin PBXProject section */
		C4EC96392C03D31000B65218 /* Project object */ = {
			isa = PBXProject;
			attributes = {
				BuildIndependentTargetsInParallel = 1;
				LastSwiftUpdateCheck = 1530;
				LastUpgradeCheck = 1530;
				TargetAttributes = {
					C4EC96402C03D31000B65218 = {
						CreatedOnToolsVersion = 15.3;
					};
					C4EC96502C03D31300B65218 = {
						CreatedOnToolsVersion = 15.3;
						TestTargetID = C4EC96402C03D31000B65218;
					};
					C4EC965A2C03D31300B65218 = {
						CreatedOnToolsVersion = 15.3;
						TestTargetID = C4EC96402C03D31000B65218;
					};
				};
			};
			buildConfigurationList = C4EC963C2C03D31000B65218 /* Build configuration list for PBXProject "ToDoApp" */;
			compatibilityVersion = "Xcode 14.0";
			developmentRegion = en;
			hasScannedForEncodings = 0;
			knownRegions = (
				en,
				Base,
			);
			mainGroup = C4EC96382C03D31000B65218;
			packageReferences = (
				C4EC96702C03DE7B00B65218 /* XCRemoteSwiftPackageReference "firebase-ios-sdk" */,
			);
			productRefGroup = C4EC96422C03D31000B65218 /* Products */;
			projectDirPath = "";
			projectRoot = "";
			targets = (
				C4EC96402C03D31000B65218 /* ToDoApp */,
				C4EC96502C03D31300B65218 /* ToDoAppTests */,
				C4EC965A2C03D31300B65218 /* ToDoAppUITests */,
			);
		};
/* End PBXProject section */

/* Begin PBXResourcesBuildPhase section */
		C4EC963F2C03D31000B65218 /* Resources */ = {
			isa = PBXResourcesBuildPhase;
			buildActionMask = 2147483647;
			files = (
				C4EC964C2C03D31300B65218 /* Preview Assets.xcassets in Resources */,
				C4EC96492C03D31300B65218 /* Assets.xcassets in Resources */,
				C408D65E2C08147B00A2A8A3 /* Launch Screen.storyboard in Resources */,
				C4EC966F2C03D48000B65218 /* GoogleService-Info.plist in Resources */,
			);
			runOnlyForDeploymentPostprocessing = 0;
		};
		C4EC964F2C03D31300B65218 /* Resources */ = {
			isa = PBXResourcesBuildPhase;
			buildActionMask = 2147483647;
			files = (
			);
			runOnlyForDeploymentPostprocessing = 0;
		};
		C4EC96592C03D31300B65218 /* Resources */ = {
			isa = PBXResourcesBuildPhase;
			buildActionMask = 2147483647;
			files = (
			);
			runOnlyForDeploymentPostprocessing = 0;
		};
/* End PBXResourcesBuildPhase section */

/* Begin PBXSourcesBuildPhase section */
		C4EC963D2C03D31000B65218 /* Sources */ = {
			isa = PBXSourcesBuildPhase;
			buildActionMask = 2147483647;
			files = (
				C4EC96802C03E3B700B65218 /* LoginView.swift in Sources */,
				C4EC96982C03E86900B65218 /* HeaderView.swift in Sources */,
				C4EC96472C03D31000B65218 /* MainView.swift in Sources */,
				C4EC96942C03E4A800B65218 /* RegisterViewViewModel.swift in Sources */,
				C4EC968A2C03E46700B65218 /* MainViewViewModel.swift in Sources */,
				C4EC967C2C03E39A00B65218 /* ToDoListView.swift in Sources */,
				C4EC96822C03E3CE00B65218 /* RegisterView.swift in Sources */,
				C47FAC772C05146B0062BBF8 /* TLButton.swift in Sources */,
				C4EC968C2C03E47600B65218 /* ProfileViewViewModel.swift in Sources */,
				C4EC967A2C03E37700B65218 /* ProfileView.swift in Sources */,
				C4EC96862C03E43800B65218 /* User.swift in Sources */,
				C4EC96842C03E40500B65218 /* ToDoListItemView.swift in Sources */,
				C4EC968E2C03E48500B65218 /* ToDoListViewViewModel.swift in Sources */,
				C4EC96922C03E49E00B65218 /* LoginViewViewModel.swift in Sources */,
				C4EC96452C03D31000B65218 /* ToDoAppApp.swift in Sources */,
				C47FAC792C0557F60062BBF8 /* Extensions.swift in Sources */,
				C4EC96882C03E44100B65218 /* ToDoListItem.swift in Sources */,
				C4EC967E2C03E3B000B65218 /* NewItemView.swift in Sources */,
				C4EC96902C03E49500B65218 /* NewItemViewViewModel.swift in Sources */,
				C4EC96962C03E4BE00B65218 /* ToDoListItemViewViewModel.swift in Sources */,
			);
			runOnlyForDeploymentPostprocessing = 0;
		};
		C4EC964D2C03D31300B65218 /* Sources */ = {
			isa = PBXSourcesBuildPhase;
			buildActionMask = 2147483647;
			files = (
				C4EC96562C03D31300B65218 /* ToDoAppTests.swift in Sources */,
			);
			runOnlyForDeploymentPostprocessing = 0;
		};
		C4EC96572C03D31300B65218 /* Sources */ = {
			isa = PBXSourcesBuildPhase;
			buildActionMask = 2147483647;
			files = (
				C4EC96622C03D31300B65218 /* ToDoAppUITestsLaunchTests.swift in Sources */,
				C4EC96602C03D31300B65218 /* ToDoAppUITests.swift in Sources */,
			);
			runOnlyForDeploymentPostprocessing = 0;
		};
/* End PBXSourcesBuildPhase section */

/* Begin PBXTargetDependency section */
		C4EC96532C03D31300B65218 /* PBXTargetDependency */ = {
			isa = PBXTargetDependency;
			target = C4EC96402C03D31000B65218 /* ToDoApp */;
			targetProxy = C4EC96522C03D31300B65218 /* PBXContainerItemProxy */;
		};
		C4EC965D2C03D31300B65218 /* PBXTargetDependency */ = {
			isa = PBXTargetDependency;
			target = C4EC96402C03D31000B65218 /* ToDoApp */;
			targetProxy = C4EC965C2C03D31300B65218 /* PBXContainerItemProxy */;
		};
/* End PBXTargetDependency section */

/* Begin XCBuildConfiguration section */
		C4EC96632C03D31300B65218 /* Debug */ = {
			isa = XCBuildConfiguration;
			buildSettings = {
				ALWAYS_SEARCH_USER_PATHS = NO;
				ASSETCATALOG_COMPILER_GENERATE_SWIFT_ASSET_SYMBOL_EXTENSIONS = YES;
				CLANG_ANALYZER_NONNULL = YES;
				CLANG_ANALYZER_NUMBER_OBJECT_CONVERSION = YES_AGGRESSIVE;
				CLANG_CXX_LANGUAGE_STANDARD = "gnu++20";
				CLANG_ENABLE_MODULES = YES;
				CLANG_ENABLE_OBJC_ARC = YES;
				CLANG_ENABLE_OBJC_WEAK = YES;
				CLANG_WARN_BLOCK_CAPTURE_AUTORELEASING = YES;
				CLANG_WARN_BOOL_CONVERSION = YES;
				CLANG_WARN_COMMA = YES;
				CLANG_WARN_CONSTANT_CONVERSION = YES;
				CLANG_WARN_DEPRECATED_OBJC_IMPLEMENTATIONS = YES;
				CLANG_WARN_DIRECT_OBJC_ISA_USAGE = YES_ERROR;
				CLANG_WARN_DOCUMENTATION_COMMENTS = YES;
				CLANG_WARN_EMPTY_BODY = YES;
				CLANG_WARN_ENUM_CONVERSION = YES;
				CLANG_WARN_INFINITE_RECURSION = YES;
				CLANG_WARN_INT_CONVERSION = YES;
				CLANG_WARN_NON_LITERAL_NULL_CONVERSION = YES;
				CLANG_WARN_OBJC_IMPLICIT_RETAIN_SELF = YES;
				CLANG_WARN_OBJC_LITERAL_CONVERSION = YES;
				CLANG_WARN_OBJC_ROOT_CLASS = YES_ERROR;
				CLANG_WARN_QUOTED_INCLUDE_IN_FRAMEWORK_HEADER = YES;
				CLANG_WARN_RANGE_LOOP_ANALYSIS = YES;
				CLANG_WARN_STRICT_PROTOTYPES = YES;
				CLANG_WARN_SUSPICIOUS_MOVE = YES;
				CLANG_WARN_UNGUARDED_AVAILABILITY = YES_AGGRESSIVE;
				CLANG_WARN_UNREACHABLE_CODE = YES;
				CLANG_WARN__DUPLICATE_METHOD_MATCH = YES;
				COPY_PHASE_STRIP = NO;
				DEBUG_INFORMATION_FORMAT = dwarf;
				ENABLE_STRICT_OBJC_MSGSEND = YES;
				ENABLE_TESTABILITY = YES;
				ENABLE_USER_SCRIPT_SANDBOXING = YES;
				GCC_C_LANGUAGE_STANDARD = gnu17;
				GCC_DYNAMIC_NO_PIC = NO;
				GCC_NO_COMMON_BLOCKS = YES;
				GCC_OPTIMIZATION_LEVEL = 0;
				GCC_PREPROCESSOR_DEFINITIONS = (
					"DEBUG=1",
					"$(inherited)",
				);
				GCC_WARN_64_TO_32_BIT_CONVERSION = YES;
				GCC_WARN_ABOUT_RETURN_TYPE = YES_ERROR;
				GCC_WARN_UNDECLARED_SELECTOR = YES;
				GCC_WARN_UNINITIALIZED_AUTOS = YES_AGGRESSIVE;
				GCC_WARN_UNUSED_FUNCTION = YES;
				GCC_WARN_UNUSED_VARIABLE = YES;
				IPHONEOS_DEPLOYMENT_TARGET = 17.4;
				LOCALIZATION_PREFERS_STRING_CATALOGS = YES;
				MTL_ENABLE_DEBUG_INFO = INCLUDE_SOURCE;
				MTL_FAST_MATH = YES;
				ONLY_ACTIVE_ARCH = YES;
				SDKROOT = iphoneos;
				SWIFT_ACTIVE_COMPILATION_CONDITIONS = "DEBUG $(inherited)";
				SWIFT_OPTIMIZATION_LEVEL = "-Onone";
			};
			name = Debug;
		};
		C4EC96642C03D31300B65218 /* Release */ = {
			isa = XCBuildConfiguration;
			buildSettings = {
				ALWAYS_SEARCH_USER_PATHS = NO;
				ASSETCATALOG_COMPILER_GENERATE_SWIFT_ASSET_SYMBOL_EXTENSIONS = YES;
				CLANG_ANALYZER_NONNULL = YES;
				CLANG_ANALYZER_NUMBER_OBJECT_CONVERSION = YES_AGGRESSIVE;
				CLANG_CXX_LANGUAGE_STANDARD = "gnu++20";
				CLANG_ENABLE_MODULES = YES;
				CLANG_ENABLE_OBJC_ARC = YES;
				CLANG_ENABLE_OBJC_WEAK = YES;
				CLANG_WARN_BLOCK_CAPTURE_AUTORELEASING = YES;
				CLANG_WARN_BOOL_CONVERSION = YES;
				CLANG_WARN_COMMA = YES;
				CLANG_WARN_CONSTANT_CONVERSION = YES;
				CLANG_WARN_DEPRECATED_OBJC_IMPLEMENTATIONS = YES;
				CLANG_WARN_DIRECT_OBJC_ISA_USAGE = YES_ERROR;
				CLANG_WARN_DOCUMENTATION_COMMENTS = YES;
				CLANG_WARN_EMPTY_BODY = YES;
				CLANG_WARN_ENUM_CONVERSION = YES;
				CLANG_WARN_INFINITE_RECURSION = YES;
				CLANG_WARN_INT_CONVERSION = YES;
				CLANG_WARN_NON_LITERAL_NULL_CONVERSION = YES;
				CLANG_WARN_OBJC_IMPLICIT_RETAIN_SELF = YES;
				CLANG_WARN_OBJC_LITERAL_CONVERSION = YES;
				CLANG_WARN_OBJC_ROOT_CLASS = YES_ERROR;
				CLANG_WARN_QUOTED_INCLUDE_IN_FRAMEWORK_HEADER = YES;
				CLANG_WARN_RANGE_LOOP_ANALYSIS = YES;
				CLANG_WARN_STRICT_PROTOTYPES = YES;
				CLANG_WARN_SUSPICIOUS_MOVE = YES;
				CLANG_WARN_UNGUARDED_AVAILABILITY = YES_AGGRESSIVE;
				CLANG_WARN_UNREACHABLE_CODE = YES;
				CLANG_WARN__DUPLICATE_METHOD_MATCH = YES;
				COPY_PHASE_STRIP = NO;
				DEBUG_INFORMATION_FORMAT = "dwarf-with-dsym";
				ENABLE_NS_ASSERTIONS = NO;
				ENABLE_STRICT_OBJC_MSGSEND = YES;
				ENABLE_USER_SCRIPT_SANDBOXING = YES;
				GCC_C_LANGUAGE_STANDARD = gnu17;
				GCC_NO_COMMON_BLOCKS = YES;
				GCC_WARN_64_TO_32_BIT_CONVERSION = YES;
				GCC_WARN_ABOUT_RETURN_TYPE = YES_ERROR;
				GCC_WARN_UNDECLARED_SELECTOR = YES;
				GCC_WARN_UNINITIALIZED_AUTOS = YES_AGGRESSIVE;
				GCC_WARN_UNUSED_FUNCTION = YES;
				GCC_WARN_UNUSED_VARIABLE = YES;
				IPHONEOS_DEPLOYMENT_TARGET = 17.4;
				LOCALIZATION_PREFERS_STRING_CATALOGS = YES;
				MTL_ENABLE_DEBUG_INFO = NO;
				MTL_FAST_MATH = YES;
				SDKROOT = iphoneos;
				SWIFT_COMPILATION_MODE = wholemodule;
				VALIDATE_PRODUCT = YES;
			};
			name = Release;
		};
		C4EC96662C03D31300B65218 /* Debug */ = {
			isa = XCBuildConfiguration;
			buildSettings = {
				ASSETCATALOG_COMPILER_APPICON_NAME = AppIcon;
				ASSETCATALOG_COMPILER_GLOBAL_ACCENT_COLOR_NAME = AccentColor;
				CODE_SIGN_STYLE = Automatic;
				CURRENT_PROJECT_VERSION = 1;
				DEVELOPMENT_ASSET_PATHS = "\"ToDoApp/Preview Content\"";
				ENABLE_PREVIEWS = YES;
				GENERATE_INFOPLIST_FILE = YES;
				INFOPLIST_KEY_CFBundleDisplayName = "To Do List";
				INFOPLIST_KEY_UIApplicationSceneManifest_Generation = YES;
				INFOPLIST_KEY_UIApplicationSupportsIndirectInputEvents = YES;
				INFOPLIST_KEY_UILaunchScreen_Generation = YES;
				INFOPLIST_KEY_UILaunchStoryboardName = "Launch Screen.storyboard";
				INFOPLIST_KEY_UISupportedInterfaceOrientations = UIInterfaceOrientationPortrait;
				LD_RUNPATH_SEARCH_PATHS = (
					"$(inherited)",
					"@executable_path/Frameworks",
				);
				MARKETING_VERSION = 1.0;
				PRODUCT_BUNDLE_IDENTIFIER = com.mlroc.ToDoApp;
				PRODUCT_NAME = "$(TARGET_NAME)";
				SWIFT_EMIT_LOC_STRINGS = YES;
				SWIFT_VERSION = 5.0;
				TARGETED_DEVICE_FAMILY = "1,2";
			};
			name = Debug;
		};
		C4EC96672C03D31300B65218 /* Release */ = {
			isa = XCBuildConfiguration;
			buildSettings = {
				ASSETCATALOG_COMPILER_APPICON_NAME = AppIcon;
				ASSETCATALOG_COMPILER_GLOBAL_ACCENT_COLOR_NAME = AccentColor;
				CODE_SIGN_STYLE = Automatic;
				CURRENT_PROJECT_VERSION = 1;
				DEVELOPMENT_ASSET_PATHS = "\"ToDoApp/Preview Content\"";
				ENABLE_PREVIEWS = YES;
				GENERATE_INFOPLIST_FILE = YES;
				INFOPLIST_KEY_CFBundleDisplayName = "To Do List";
				INFOPLIST_KEY_UIApplicationSceneManifest_Generation = YES;
				INFOPLIST_KEY_UIApplicationSupportsIndirectInputEvents = YES;
				INFOPLIST_KEY_UILaunchScreen_Generation = YES;
				INFOPLIST_KEY_UILaunchStoryboardName = "Launch Screen.storyboard";
				INFOPLIST_KEY_UISupportedInterfaceOrientations = UIInterfaceOrientationPortrait;
				LD_RUNPATH_SEARCH_PATHS = (
					"$(inherited)",
					"@executable_path/Frameworks",
				);
				MARKETING_VERSION = 1.0;
				PRODUCT_BUNDLE_IDENTIFIER = com.mlroc.ToDoApp;
				PRODUCT_NAME = "$(TARGET_NAME)";
				SWIFT_EMIT_LOC_STRINGS = YES;
				SWIFT_VERSION = 5.0;
				TARGETED_DEVICE_FAMILY = "1,2";
			};
			name = Release;
		};
		C4EC96692C03D31300B65218 /* Debug */ = {
			isa = XCBuildConfiguration;
			buildSettings = {
				ALWAYS_EMBED_SWIFT_STANDARD_LIBRARIES = YES;
				BUNDLE_LOADER = "$(TEST_HOST)";
				CODE_SIGN_STYLE = Automatic;
				CURRENT_PROJECT_VERSION = 1;
				GENERATE_INFOPLIST_FILE = YES;
				IPHONEOS_DEPLOYMENT_TARGET = 17.4;
				MARKETING_VERSION = 1.0;
				PRODUCT_BUNDLE_IDENTIFIER = com.mlroc.ToDoAppTests;
				PRODUCT_NAME = "$(TARGET_NAME)";
				SWIFT_EMIT_LOC_STRINGS = NO;
				SWIFT_VERSION = 5.0;
				TARGETED_DEVICE_FAMILY = "1,2";
				TEST_HOST = "$(BUILT_PRODUCTS_DIR)/ToDoApp.app/$(BUNDLE_EXECUTABLE_FOLDER_PATH)/ToDoApp";
			};
			name = Debug;
		};
		C4EC966A2C03D31300B65218 /* Release */ = {
			isa = XCBuildConfiguration;
			buildSettings = {
				ALWAYS_EMBED_SWIFT_STANDARD_LIBRARIES = YES;
				BUNDLE_LOADER = "$(TEST_HOST)";
				CODE_SIGN_STYLE = Automatic;
				CURRENT_PROJECT_VERSION = 1;
				GENERATE_INFOPLIST_FILE = YES;
				IPHONEOS_DEPLOYMENT_TARGET = 17.4;
				MARKETING_VERSION = 1.0;
				PRODUCT_BUNDLE_IDENTIFIER = com.mlroc.ToDoAppTests;
				PRODUCT_NAME = "$(TARGET_NAME)";
				SWIFT_EMIT_LOC_STRINGS = NO;
				SWIFT_VERSION = 5.0;
				TARGETED_DEVICE_FAMILY = "1,2";
				TEST_HOST = "$(BUILT_PRODUCTS_DIR)/ToDoApp.app/$(BUNDLE_EXECUTABLE_FOLDER_PATH)/ToDoApp";
			};
			name = Release;
		};
		C4EC966C2C03D31300B65218 /* Debug */ = {
			isa = XCBuildConfiguration;
			buildSettings = {
				ALWAYS_EMBED_SWIFT_STANDARD_LIBRARIES = YES;
				CODE_SIGN_STYLE = Automatic;
				CURRENT_PROJECT_VERSION = 1;
				GENERATE_INFOPLIST_FILE = YES;
				MARKETING_VERSION = 1.0;
				PRODUCT_BUNDLE_IDENTIFIER = com.mlroc.ToDoAppUITests;
				PRODUCT_NAME = "$(TARGET_NAME)";
				SWIFT_EMIT_LOC_STRINGS = NO;
				SWIFT_VERSION = 5.0;
				TARGETED_DEVICE_FAMILY = "1,2";
				TEST_TARGET_NAME = ToDoApp;
			};
			name = Debug;
		};
		C4EC966D2C03D31300B65218 /* Release */ = {
			isa = XCBuildConfiguration;
			buildSettings = {
				ALWAYS_EMBED_SWIFT_STANDARD_LIBRARIES = YES;
				CODE_SIGN_STYLE = Automatic;
				CURRENT_PROJECT_VERSION = 1;
				GENERATE_INFOPLIST_FILE = YES;
				MARKETING_VERSION = 1.0;
				PRODUCT_BUNDLE_IDENTIFIER = com.mlroc.ToDoAppUITests;
				PRODUCT_NAME = "$(TARGET_NAME)";
				SWIFT_EMIT_LOC_STRINGS = NO;
				SWIFT_VERSION = 5.0;
				TARGETED_DEVICE_FAMILY = "1,2";
				TEST_TARGET_NAME = ToDoApp;
			};
			name = Release;
		};
/* End XCBuildConfiguration section */

/* Begin XCConfigurationList section */
		C4EC963C2C03D31000B65218 /* Build configuration list for PBXProject "ToDoApp" */ = {
			isa = XCConfigurationList;
			buildConfigurations = (
				C4EC96632C03D31300B65218 /* Debug */,
				C4EC96642C03D31300B65218 /* Release */,
			);
			defaultConfigurationIsVisible = 0;
			defaultConfigurationName = Release;
		};
		C4EC96652C03D31300B65218 /* Build configuration list for PBXNativeTarget "ToDoApp" */ = {
			isa = XCConfigurationList;
			buildConfigurations = (
				C4EC96662C03D31300B65218 /* Debug */,
				C4EC96672C03D31300B65218 /* Release */,
			);
			defaultConfigurationIsVisible = 0;
			defaultConfigurationName = Release;
		};
		C4EC96682C03D31300B65218 /* Build configuration list for PBXNativeTarget "ToDoAppTests" */ = {
			isa = XCConfigurationList;
			buildConfigurations = (
				C4EC96692C03D31300B65218 /* Debug */,
				C4EC966A2C03D31300B65218 /* Release */,
			);
			defaultConfigurationIsVisible = 0;
			defaultConfigurationName = Release;
		};
		C4EC966B2C03D31300B65218 /* Build configuration list for PBXNativeTarget "ToDoAppUITests" */ = {
			isa = XCConfigurationList;
			buildConfigurations = (
				C4EC966C2C03D31300B65218 /* Debug */,
				C4EC966D2C03D31300B65218 /* Release */,
			);
			defaultConfigurationIsVisible = 0;
			defaultConfigurationName = Release;
		};
/* End XCConfigurationList section */

/* Begin XCRemoteSwiftPackageReference section */
		C4EC96702C03DE7B00B65218 /* XCRemoteSwiftPackageReference "firebase-ios-sdk" */ = {
			isa = XCRemoteSwiftPackageReference;
			repositoryURL = "https://github.com/firebase/firebase-ios-sdk";
			requirement = {
				kind = upToNextMajorVersion;
				minimumVersion = 10.26.0;
			};
		};
/* End XCRemoteSwiftPackageReference section */

/* Begin XCSwiftPackageProductDependency section */
		C4EC96712C03DEDF00B65218 /* FirebaseAuth */ = {
			isa = XCSwiftPackageProductDependency;
			package = C4EC96702C03DE7B00B65218 /* XCRemoteSwiftPackageReference "firebase-ios-sdk" */;
			productName = FirebaseAuth;
		};
		C4EC96732C03DEDF00B65218 /* FirebaseFirestoreSwift */ = {
			isa = XCSwiftPackageProductDependency;
			package = C4EC96702C03DE7B00B65218 /* XCRemoteSwiftPackageReference "firebase-ios-sdk" */;
			productName = FirebaseFirestoreSwift;
		};
/* End XCSwiftPackageProductDependency section */
	};
	rootObject = C4EC96392C03D31000B65218 /* Project object */;
}
